
Microsoft Visual Studio Solution File, Format Version 12.00
Project("{FAE04EC0-301F-11D3-BF4B-00C04F79EFBC}") = "WebSite", "WebSite\WebSite.csproj", "{7C3C06F3-AC69-41DC-A0A8-E96F97DA1CB8}"
EndProject
Global
	GlobalSection(SolutionConfigurationPlatforms) = preSolution
		Debug|Any CPU = Debug|Any CPU
		Release|Any CPU = Release|Any CPU
	EndGlobalSection
	GlobalSection(ProjectConfigurationPlatforms) = postSolution
		{7C3C06F3-AC69-41DC-A0A8-E96F97DA1CB8}.Debug|Any CPU.ActiveCfg = Debug|Any CPU
		{7C3C06F3-AC69-41DC-A0A8-E96F97DA1CB8}.Debug|Any CPU.Build.0 = Debug|Any CPU
		{7C3C06F3-AC69-41DC-A0A8-E96F97DA1CB8}.Release|Any CPU.ActiveCfg = Release|Any CPU
		{7C3C06F3-AC69-41DC-A0A8-E96F97DA1CB8}.Release|Any CPU.Build.0 = Release|Any CPU
	EndGlobalSection
EndGlobal
